
Microsoft Visual Studio Solution File, Format Version 12.00
# Visual Studio Version 17
VisualStudioVersion = 17.12.35521.163 d17.12
MinimumVisualStudioVersion = 10.0.40219.1
Project("{FAE04EC0-301F-11D3-BF4B-00C04F79EFBC}") = "Loay.StudentTask", "Loay.StudentTask\Loay.StudentTask.csproj", "{34AC67E4-484C-4EA9-AF28-4B30E07E39A4}"
EndProject
Project("{FAE04EC0-301F-11D3-BF4B-00C04F79EFBC}") = "Loay.StudentTask.Core", "Loay.StudentTask.Core\Loay.StudentTask.Core.csproj", "{E11EEFDB-DED3-4AA9-AD91-9FEEEA6082C2}"
EndProject
Project("{FAE04EC0-301F-11D3-BF4B-00C04F79EFBC}") = "Loay.StudentTask.Repository", "Loay.StudentTask.Repository\Loay.StudentTask.Repository.csproj", "{FB907824-54D9-42C5-A22F-A00AF015CDF9}"
EndProject
Global
	GlobalSection(SolutionConfigurationPlatforms) = preSolution
		Debug|Any CPU = Debug|Any CPU
		Release|Any CPU = Release|Any CPU
	EndGlobalSection
	GlobalSection(ProjectConfigurationPlatforms) = postSolution
		{34AC67E4-484C-4EA9-AF28-4B30E07E39A4}.Debug|Any CPU.ActiveCfg = Debug|Any CPU
		{34AC67E4-484C-4EA9-AF28-4B30E07E39A4}.Debug|Any CPU.Build.0 = Debug|Any CPU
		{34AC67E4-484C-4EA9-AF28-4B30E07E39A4}.Release|Any CPU.ActiveCfg = Release|Any CPU
		{34AC67E4-484C-4EA9-AF28-4B30E07E39A4}.Release|Any CPU.Build.0 = Release|Any CPU
		{E11EEFDB-DED3-4AA9-AD91-9FEEEA6082C2}.Debug|Any CPU.ActiveCfg = Debug|Any CPU
		{E11EEFDB-DED3-4AA9-AD91-9FEEEA6082C2}.Debug|Any CPU.Build.0 = Debug|Any CPU
		{E11EEFDB-DED3-4AA9-AD91-9FEEEA6082C2}.Release|Any CPU.ActiveCfg = Release|Any CPU
		{E11EEFDB-DED3-4AA9-AD91-9FEEEA6082C2}.Release|Any CPU.Build.0 = Release|Any CPU
		{FB907824-54D9-42C5-A22F-A00AF015CDF9}.Debug|Any CPU.ActiveCfg = Debug|Any CPU
		{FB907824-54D9-42C5-A22F-A00AF015CDF9}.Debug|Any CPU.Build.0 = Debug|Any CPU
		{FB907824-54D9-42C5-A22F-A00AF015CDF9}.Release|Any CPU.ActiveCfg = Release|Any CPU
		{FB907824-54D9-42C5-A22F-A00AF015CDF9}.Release|Any CPU.Build.0 = Release|Any CPU
	EndGlobalSection
	GlobalSection(SolutionProperties) = preSolution
		HideSolutionNode = FALSE
	EndGlobalSection
EndGlobal
